Microsoft Visual Studio Solution File, Format Version 12.00
# Visual Studio Version 17
VisualStudioVersion = 17.5.2.0
MinimumVisualStudioVersion = 10.0.40219.1
Project("{FAE04EC0-301F-11D3-BF4B-00C04F79EFBC}") = "OpenAIClient", "OpenAIClient\OpenAIClient.csproj", "{E5B8EC3A-B4B8-5EED-3772-A47E6D025CCC}"
EndProject
Global
	GlobalSection(SolutionConfigurationPlatforms) = preSolution
		Debug|Any CPU = Debug|Any CPU
		Release|Any CPU = Release|Any CPU
	EndGlobalSection
	GlobalSection(ProjectConfigurationPlatforms) = postSolution
		{E5B8EC3A-B4B8-5EED-3772-A47E6D025CCC}.Debug|Any CPU.ActiveCfg = Debug|Any CPU
		{E5B8EC3A-B4B8-5EED-3772-A47E6D025CCC}.Debug|Any CPU.Build.0 = Debug|Any CPU
		{E5B8EC3A-B4B8-5EED-3772-A47E6D025CCC}.Release|Any CPU.ActiveCfg = Release|Any CPU
		{E5B8EC3A-B4B8-5EED-3772-A47E6D025CCC}.Release|Any CPU.Build.0 = Release|Any CPU
	EndGlobalSection
	GlobalSection(SolutionProperties) = preSolution
		HideSolutionNode = FALSE
	EndGlobalSection
	GlobalSection(ExtensibilityGlobals) = postSolution
		SolutionGuid = {899674DB-5A28-45D2-A142-B3BFFD6D6A74}
	EndGlobalSection
EndGlobal
