
Microsoft Visual Studio Solution File, Format Version 12.00
# Visual Studio Version 17
VisualStudioVersion = 17.0.31903.59
MinimumVisualStudioVersion = 10.0.40219.1
Project("{FAE04EC0-301F-11D3-BF4B-00C04F79EFBC}") = "OstjWeb", "OstjWeb\OstjWeb.csproj", "{9F24716D-CF9B-4BF8-8CB0-0F48D7696BBD}"
EndProject
Project("{FAE04EC0-301F-11D3-BF4B-00C04F79EFBC}") = "OstjApi", "OstjApi\OstjApi.csproj", "{43BA0EF6-9A58-4BE8-9C82-07A1D08E6AF2}"
EndProject
Project("{FAE04EC0-301F-11D3-BF4B-00C04F79EFBC}") = "OpenAIClient", "..\playground\dotnet\OpenAIClient\OpenAIClient.csproj", "{B8AAE095-3ACA-4251-8774-5339EE52325F}"
EndProject
Global
	GlobalSection(SolutionConfigurationPlatforms) = preSolution
		Debug|Any CPU = Debug|Any CPU
		Debug|x64 = Debug|x64
		Debug|x86 = Debug|x86
		Release|Any CPU = Release|Any CPU
		Release|x64 = Release|x64
		Release|x86 = Release|x86
	EndGlobalSection
	GlobalSection(ProjectConfigurationPlatforms) = postSolution
		{9F24716D-CF9B-4BF8-8CB0-0F48D7696BBD}.Debug|Any CPU.ActiveCfg = Debug|Any CPU
		{9F24716D-CF9B-4BF8-8CB0-0F48D7696BBD}.Debug|Any CPU.Build.0 = Debug|Any CPU
		{9F24716D-CF9B-4BF8-8CB0-0F48D7696BBD}.Debug|x64.ActiveCfg = Debug|Any CPU
		{9F24716D-CF9B-4BF8-8CB0-0F48D7696BBD}.Debug|x64.Build.0 = Debug|Any CPU
		{9F24716D-CF9B-4BF8-8CB0-0F48D7696BBD}.Debug|x86.ActiveCfg = Debug|Any CPU
		{9F24716D-CF9B-4BF8-8CB0-0F48D7696BBD}.Debug|x86.Build.0 = Debug|Any CPU
		{9F24716D-CF9B-4BF8-8CB0-0F48D7696BBD}.Release|Any CPU.ActiveCfg = Release|Any CPU
		{9F24716D-CF9B-4BF8-8CB0-0F48D7696BBD}.Release|Any CPU.Build.0 = Release|Any CPU
		{9F24716D-CF9B-4BF8-8CB0-0F48D7696BBD}.Release|x64.ActiveCfg = Release|Any CPU
		{9F24716D-CF9B-4BF8-8CB0-0F48D7696BBD}.Release|x64.Build.0 = Release|Any CPU
		{9F24716D-CF9B-4BF8-8CB0-0F48D7696BBD}.Release|x86.ActiveCfg = Release|Any CPU
		{9F24716D-CF9B-4BF8-8CB0-0F48D7696BBD}.Release|x86.Build.0 = Release|Any CPU
		{43BA0EF6-9A58-4BE8-9C82-07A1D08E6AF2}.Debug|Any CPU.ActiveCfg = Debug|Any CPU
		{43BA0EF6-9A58-4BE8-9C82-07A1D08E6AF2}.Debug|Any CPU.Build.0 = Debug|Any CPU
		{43BA0EF6-9A58-4BE8-9C82-07A1D08E6AF2}.Debug|x64.ActiveCfg = Debug|Any CPU
		{43BA0EF6-9A58-4BE8-9C82-07A1D08E6AF2}.Debug|x64.Build.0 = Debug|Any CPU
		{43BA0EF6-9A58-4BE8-9C82-07A1D08E6AF2}.Debug|x86.ActiveCfg = Debug|Any CPU
		{43BA0EF6-9A58-4BE8-9C82-07A1D08E6AF2}.Debug|x86.Build.0 = Debug|Any CPU
		{43BA0EF6-9A58-4BE8-9C82-07A1D08E6AF2}.Release|Any CPU.ActiveCfg = Release|Any CPU
		{43BA0EF6-9A58-4BE8-9C82-07A1D08E6AF2}.Release|Any CPU.Build.0 = Release|Any CPU
		{43BA0EF6-9A58-4BE8-9C82-07A1D08E6AF2}.Release|x64.ActiveCfg = Release|Any CPU
		{43BA0EF6-9A58-4BE8-9C82-07A1D08E6AF2}.Release|x64.Build.0 = Release|Any CPU
		{43BA0EF6-9A58-4BE8-9C82-07A1D08E6AF2}.Release|x86.ActiveCfg = Release|Any CPU
		{43BA0EF6-9A58-4BE8-9C82-07A1D08E6AF2}.Release|x86.Build.0 = Release|Any CPU
		{B8AAE095-3ACA-4251-8774-5339EE52325F}.Debug|Any CPU.ActiveCfg = Debug|Any CPU
		{B8AAE095-3ACA-4251-8774-5339EE52325F}.Debug|Any CPU.Build.0 = Debug|Any CPU
		{B8AAE095-3ACA-4251-8774-5339EE52325F}.Debug|x64.ActiveCfg = Debug|Any CPU
		{B8AAE095-3ACA-4251-8774-5339EE52325F}.Debug|x64.Build.0 = Debug|Any CPU
		{B8AAE095-3ACA-4251-8774-5339EE52325F}.Debug|x86.ActiveCfg = Debug|Any CPU
		{B8AAE095-3ACA-4251-8774-5339EE52325F}.Debug|x86.Build.0 = Debug|Any CPU
		{B8AAE095-3ACA-4251-8774-5339EE52325F}.Release|Any CPU.ActiveCfg = Release|Any CPU
		{B8AAE095-3ACA-4251-8774-5339EE52325F}.Release|Any CPU.Build.0 = Release|Any CPU
		{B8AAE095-3ACA-4251-8774-5339EE52325F}.Release|x64.ActiveCfg = Release|Any CPU
		{B8AAE095-3ACA-4251-8774-5339EE52325F}.Release|x64.Build.0 = Release|Any CPU
		{B8AAE095-3ACA-4251-8774-5339EE52325F}.Release|x86.ActiveCfg = Release|Any CPU
		{B8AAE095-3ACA-4251-8774-5339EE52325F}.Release|x86.Build.0 = Release|Any CPU
	EndGlobalSection
	GlobalSection(SolutionProperties) = preSolution
		HideSolutionNode = FALSE
	EndGlobalSection
EndGlobal
